
Microsoft Visual Studio Solution File, Format Version 12.00
# Visual Studio Version 17
VisualStudioVersion = 17.13.35825.156 d17.13
MinimumVisualStudioVersion = 10.0.40219.1
Project("{FAE04EC0-301F-11D3-BF4B-00C04F79EFBC}") = "PdfGeneratorAPI", "PdfGeneratorAPI.csproj", "{0E2BD2F1-DCF8-410E-A07A-AD1A51BE80E3}"
EndProject
Global
	GlobalSection(SolutionConfigurationPlatforms) = preSolution
		Debug|Any CPU = Debug|Any CPU
		Release|Any CPU = Release|Any CPU
	EndGlobalSection
	GlobalSection(ProjectConfigurationPlatforms) = postSolution
		{0E2BD2F1-DCF8-410E-A07A-AD1A51BE80E3}.Debug|Any CPU.ActiveCfg = Debug|Any CPU
		{0E2BD2F1-DCF8-410E-A07A-AD1A51BE80E3}.Debug|Any CPU.Build.0 = Debug|Any CPU
		{0E2BD2F1-DCF8-410E-A07A-AD1A51BE80E3}.Release|Any CPU.ActiveCfg = Release|Any CPU
		{0E2BD2F1-DCF8-410E-A07A-AD1A51BE80E3}.Release|Any CPU.Build.0 = Release|Any CPU
	EndGlobalSection
	GlobalSection(SolutionProperties) = preSolution
		HideSolutionNode = FALSE
	EndGlobalSection
	GlobalSection(ExtensibilityGlobals) = postSolution
		SolutionGuid = {071E787A-AE99-4E75-8939-72422F4E525A}
	EndGlobalSection
EndGlobal
